// !$*UTF8*$!
{
	archiveVersion = 1;
	classes = {
	};
	objectVersion = 50;
	objects = {

/* Begin PBXBuildFile section */
		5727D455257152D000AB15CA /* myTasksApp.swift in Sources */ = {isa = PBXBuildFile; fileRef = 5727D454257152D000AB15CA /* myTasksApp.swift */; };
		5727D457257152D000AB15CA /* ContentView.swift in Sources */ = {isa = PBXBuildFile; fileRef = 5727D456257152D000AB15CA /* ContentView.swift */; };
		5727D459257152D200AB15CA /* Assets.xcassets in Resources */ = {isa = PBXBuildFile; fileRef = 5727D458257152D200AB15CA /* Assets.xcassets */; };
		5727D45C257152D200AB15CA /* Preview Assets.xcassets in Resources */ = {isa = PBXBuildFile; fileRef = 5727D45B257152D200AB15CA /* Preview Assets.xcassets */; };
		5727D45E257152D200AB15CA /* Persistence.swift in Sources */ = {isa = PBXBuildFile; fileRef = 5727D45D257152D200AB15CA /* Persistence.swift */; };
		5727D461257152D200AB15CA /* myTasks.xcdatamodeld in Sources */ = {isa = PBXBuildFile; fileRef = 5727D45F257152D200AB15CA /* myTasks.xcdatamodeld */; };
		5727D46C257152D300AB15CA /* myTasksTests.swift in Sources */ = {isa = PBXBuildFile; fileRef = 5727D46B257152D300AB15CA /* myTasksTests.swift */; };
		5727D477257152D300AB15CA /* myTasksUITests.swift in Sources */ = {isa = PBXBuildFile; fileRef = 5727D476257152D300AB15CA /* myTasksUITests.swift */; };
		5737A60E2573F6440050EBB4 /* Task.swift in Sources */ = {isa = PBXBuildFile; fileRef = 5737A60D2573F6440050EBB4 /* Task.swift */; };
		5737A6172573FB680050EBB4 /* AddTaskEventViewModel.swift in Sources */ = {isa = PBXBuildFile; fileRef = 5737A6162573FB680050EBB4 /* AddTaskEventViewModel.swift */; };
		573F418B257E703C00B98D0F /* AddTask.swift in Sources */ = {isa = PBXBuildFile; fileRef = 573F418A257E703C00B98D0F /* AddTask.swift */; };
/* End PBXBuildFile section */

/* Begin PBXContainerItemProxy section */
		5727D468257152D300AB15CA /* PBXContainerItemProxy */ = {
			isa = PBXContainerItemProxy;
			containerPortal = 5727D449257152D000AB15CA /* Project object */;
			proxyType = 1;
			remoteGlobalIDString = 5727D450257152D000AB15CA;
			remoteInfo = myTasks;
		};
		5727D473257152D300AB15CA /* PBXContainerItemProxy */ = {
			isa = PBXContainerItemProxy;
			containerPortal = 5727D449257152D000AB15CA /* Project object */;
			proxyType = 1;
			remoteGlobalIDString = 5727D450257152D000AB15CA;
			remoteInfo = myTasks;
		};
/* End PBXContainerItemProxy section */

/* Begin PBXFileReference section */
		5727D451257152D000AB15CA /* myTasks.app */ = {isa = PBXFileReference; explicitFileType = wrapper.application; includeInIndex = 0; path = myTasks.app; sourceTree = BUILT_PRODUCTS_DIR; };
		5727D454257152D000AB15CA /* myTasksApp.swift */ = {isa = PBXFileReference; lastKnownFileType = sourcecode.swift; path = myTasksApp.swift; sourceTree = "<group>"; };
		5727D456257152D000AB15CA /* ContentView.swift */ = {isa = PBXFileReference; lastKnownFileType = sourcecode.swift; path = ContentView.swift; sourceTree = "<group>"; };
		5727D458257152D200AB15CA /* Assets.xcassets */ = {isa = PBXFileReference; lastKnownFileType = folder.assetcatalog; path = Assets.xcassets; sourceTree = "<group>"; };
		5727D45B257152D200AB15CA /* Preview Assets.xcassets */ = {isa = PBXFileReference; lastKnownFileType = folder.assetcatalog; path = "Preview Assets.xcassets"; sourceTree = "<group>"; };
		5727D45D257152D200AB15CA /* Persistence.swift */ = {isa = PBXFileReference; lastKnownFileType = sourcecode.swift; path = Persistence.swift; sourceTree = "<group>"; };
		5727D460257152D200AB15CA /* myTasks.xcdatamodel */ = {isa = PBXFileReference; lastKnownFileType = wrapper.xcdatamodel; path = myTasks.xcdatamodel; sourceTree = "<group>"; };
		5727D462257152D200AB15CA /* Info.plist */ = {isa = PBXFileReference; lastKnownFileType = text.plist.xml; path = Info.plist; sourceTree = "<group>"; };
		5727D467257152D300AB15CA /* myTasksTests.xctest */ = {isa = PBXFileReference; explicitFileType = wrapper.cfbundle; includeInIndex = 0; path = myTasksTests.xctest; sourceTree = BUILT_PRODUCTS_DIR; };
		5727D46B257152D300AB15CA /* myTasksTests.swift */ = {isa = PBXFileReference; lastKnownFileType = sourcecode.swift; path = myTasksTests.swift; sourceTree = "<group>"; };
		5727D46D257152D300AB15CA /* Info.plist */ = {isa = PBXFileReference; lastKnownFileType = text.plist.xml; path = Info.plist; sourceTree = "<group>"; };
		5727D472257152D300AB15CA /* myTasksUITests.xctest */ = {isa = PBXFileReference; explicitFileType = wrapper.cfbundle; includeInIndex = 0; path = myTasksUITests.xctest; sourceTree = BUILT_PRODUCTS_DIR; };
		5727D476257152D300AB15CA /* myTasksUITests.swift */ = {isa = PBXFileReference; lastKnownFileType = sourcecode.swift; path = myTasksUITests.swift; sourceTree = "<group>"; };
		5727D478257152D300AB15CA /* Info.plist */ = {isa = PBXFileReference; lastKnownFileType = text.plist.xml; path = Info.plist; sourceTree = "<group>"; };
		5737A60D2573F6440050EBB4 /* Task.swift */ = {isa = PBXFileReference; lastKnownFileType = sourcecode.swift; path = Task.swift; sourceTree = "<group>"; };
		5737A6162573FB680050EBB4 /* AddTaskEventViewModel.swift */ = {isa = PBXFileReference; lastKnownFileType = sourcecode.swift; path = AddTaskEventViewModel.swift; sourceTree = "<group>"; };
		573F418A257E703C00B98D0F /* AddTask.swift */ = {isa = PBXFileReference; lastKnownFileType = sourcecode.swift; path = AddTask.swift; sourceTree = "<group>"; };
/* End PBXFileReference section */

/* Begin PBXFrameworksBuildPhase section */
		5727D44E257152D000AB15CA /* Frameworks */ = {
			isa = PBXFrameworksBuildPhase;
			buildActionMask = 2147483647;
			files = (
			);
			runOnlyForDeploymentPostprocessing = 0;
		};
		5727D464257152D300AB15CA /* Frameworks */ = {
			isa = PBXFrameworksBuildPhase;
			buildActionMask = 2147483647;
			files = (
			);
			runOnlyForDeploymentPostprocessing = 0;
		};
		5727D46F257152D300AB15CA /* Frameworks */ = {
			isa = PBXFrameworksBuildPhase;
			buildActionMask = 2147483647;
			files = (
			);
			runOnlyForDeploymentPostprocessing = 0;
		};
/* End PBXFrameworksBuildPhase section */

/* Begin PBXGroup section */
		5727D448257152D000AB15CA = {
			isa = PBXGroup;
			children = (
				5727D453257152D000AB15CA /* myTasks */,
				5727D46A257152D300AB15CA /* myTasksTests */,
				5727D475257152D300AB15CA /* myTasksUITests */,
				5727D452257152D000AB15CA /* Products */,
			);
			sourceTree = "<group>";
		};
		5727D452257152D000AB15CA /* Products */ = {
			isa = PBXGroup;
			children = (
				5727D451257152D000AB15CA /* myTasks.app */,
				5727D467257152D300AB15CA /* myTasksTests.xctest */,
				5727D472257152D300AB15CA /* myTasksUITests.xctest */,
			);
			name = Products;
			sourceTree = "<group>";
		};
		5727D453257152D000AB15CA /* myTasks */ = {
			isa = PBXGroup;
			children = (
				5737A6152573FB4E0050EBB4 /* ViewModels */,
				5737A6122573F7760050EBB4 /* Views */,
				5737A60C2573F60B0050EBB4 /* Models */,
				5727D454257152D000AB15CA /* myTasksApp.swift */,
				5727D458257152D200AB15CA /* Assets.xcassets */,
				5727D45D257152D200AB15CA /* Persistence.swift */,
				5727D462257152D200AB15CA /* Info.plist */,
				5727D45F257152D200AB15CA /* myTasks.xcdatamodeld */,
				5727D45A257152D200AB15CA /* Preview Content */,
			);
			path = myTasks;
			sourceTree = "<group>";
		};
		5727D45A257152D200AB15CA /* Preview Content */ = {
			isa = PBXGroup;
			children = (
				5727D45B257152D200AB15CA /* Preview Assets.xcassets */,
			);
			path = "Preview Content";
			sourceTree = "<group>";
		};
		5727D46A257152D300AB15CA /* myTasksTests */ = {
			isa = PBXGroup;
			children = (
				5727D46B257152D300AB15CA /* myTasksTests.swift */,
				5727D46D257152D300AB15CA /* Info.plist */,
			);
			path = myTasksTests;
			sourceTree = "<group>";
		};
		5727D475257152D300AB15CA /* myTasksUITests */ = {
			isa = PBXGroup;
			children = (
				5727D476257152D300AB15CA /* myTasksUITests.swift */,
				5727D478257152D300AB15CA /* Info.plist */,
			);
			path = myTasksUITests;
			sourceTree = "<group>";
		};
		5737A60C2573F60B0050EBB4 /* Models */ = {
			isa = PBXGroup;
			children = (
				5737A60D2573F6440050EBB4 /* Task.swift */,
			);
			path = Models;
			sourceTree = "<group>";
		};
		5737A6122573F7760050EBB4 /* Views */ = {
			isa = PBXGroup;
			children = (
				5727D456257152D000AB15CA /* ContentView.swift */,
				573F418A257E703C00B98D0F /* AddTask.swift */,
			);
			path = Views;
			sourceTree = "<group>";
		};
		5737A6152573FB4E0050EBB4 /* ViewModels */ = {
			isa = PBXGroup;
			children = (
				5737A6162573FB680050EBB4 /* AddTaskEventViewModel.swift */,
			);
			path = ViewModels;
			sourceTree = "<group>";
		};
/* End PBXGroup section */

/* Begin PBXNativeTarget section */
		5727D450257152D000AB15CA /* myTasks */ = {
			isa = PBXNativeTarget;
			buildConfigurationList = 5727D47B257152D300AB15CA /* Build configuration list for PBXNativeTarget "myTasks" */;
			buildPhases = (
				5727D44D257152D000AB15CA /* Sources */,
				5727D44E257152D000AB15CA /* Frameworks */,
				5727D44F257152D000AB15CA /* Resources */,
			);
			buildRules = (
			);
			dependencies = (
			);
			name = myTasks;
			productName = myTasks;
			productReference = 5727D451257152D000AB15CA /* myTasks.app */;
			productType = "com.apple.product-type.application";
		};
		5727D466257152D300AB15CA /* myTasksTests */ = {
			isa = PBXNativeTarget;
			buildConfigurationList = 5727D47E257152D300AB15CA /* Build configuration list for PBXNativeTarget "myTasksTests" */;
			buildPhases = (
				5727D463257152D300AB15CA /* Sources */,
				5727D464257152D300AB15CA /* Frameworks */,
				5727D465257152D300AB15CA /* Resources */,
			);
			buildRules = (
			);
			dependencies = (
				5727D469257152D300AB15CA /* PBXTargetDependency */,
			);
			name = myTasksTests;
			productName = myTasksTests;
			productReference = 5727D467257152D300AB15CA /* myTasksTests.xctest */;
			productType = "com.apple.product-type.bundle.unit-test";
		};
		5727D471257152D300AB15CA /* myTasksUITests */ = {
			isa = PBXNativeTarget;
			buildConfigurationList = 5727D481257152D300AB15CA /* Build configuration list for PBXNativeTarget "myTasksUITests" */;
			buildPhases = (
				5727D46E257152D300AB15CA /* Sources */,
				5727D46F257152D300AB15CA /* Frameworks */,
				5727D470257152D300AB15CA /* Resources */,
			);
			buildRules = (
			);
			dependencies = (
				5727D474257152D300AB15CA /* PBXTargetDependency */,
			);
			name = myTasksUITests;
			productName = myTasksUITests;
			productReference = 5727D472257152D300AB15CA /* myTasksUITests.xctest */;
			productType = "com.apple.product-type.bundle.ui-testing";
		};
/* End PBXNativeTarget section */

/* Begin PBXProject section */
		5727D449257152D000AB15CA /* Project object */ = {
			isa = PBXProject;
			attributes = {
				LastSwiftUpdateCheck = 1220;
				LastUpgradeCheck = 1220;
				TargetAttributes = {
					5727D450257152D000AB15CA = {
						CreatedOnToolsVersion = 12.2;
					};
					5727D466257152D300AB15CA = {
						CreatedOnToolsVersion = 12.2;
						TestTargetID = 5727D450257152D000AB15CA;
					};
					5727D471257152D300AB15CA = {
						CreatedOnToolsVersion = 12.2;
						TestTargetID = 5727D450257152D000AB15CA;
					};
				};
			};
			buildConfigurationList = 5727D44C257152D000AB15CA /* Build configuration list for PBXProject "myTasks" */;
			compatibilityVersion = "Xcode 9.3";
			developmentRegion = en;
			hasScannedForEncodings = 0;
			knownRegions = (
				en,
				Base,
			);
			mainGroup = 5727D448257152D000AB15CA;
			productRefGroup = 5727D452257152D000AB15CA /* Products */;
			projectDirPath = "";
			projectRoot = "";
			targets = (
				5727D450257152D000AB15CA /* myTasks */,
				5727D466257152D300AB15CA /* myTasksTests */,
				5727D471257152D300AB15CA /* myTasksUITests */,
			);
		};
/* End PBXProject section */

/* Begin PBXResourcesBuildPhase section */
		5727D44F257152D000AB15CA /* Resources */ = {
			isa = PBXResourcesBuildPhase;
			buildActionMask = 2147483647;
			files = (
				5727D45C257152D200AB15CA /* Preview Assets.xcassets in Resources */,
				5727D459257152D200AB15CA /* Assets.xcassets in Resources */,
			);
			runOnlyForDeploymentPostprocessing = 0;
		};
		5727D465257152D300AB15CA /* Resources */ = {
			isa = PBXResourcesBuildPhase;
			buildActionMask = 2147483647;
			files = (
			);
			runOnlyForDeploymentPostprocessing = 0;
		};
		5727D470257152D300AB15CA /* Resources */ = {
			isa = PBXResourcesBuildPhase;
			buildActionMask = 2147483647;
			files = (
			);
			runOnlyForDeploymentPostprocessing = 0;
		};
/* End PBXResourcesBuildPhase section */

/* Begin PBXSourcesBuildPhase section */
		5727D44D257152D000AB15CA /* Sources */ = {
			isa = PBXSourcesBuildPhase;
			buildActionMask = 2147483647;
			files = (
				5727D461257152D200AB15CA /* myTasks.xcdatamodeld in Sources */,
				5727D45E257152D200AB15CA /* Persistence.swift in Sources */,
				5737A60E2573F6440050EBB4 /* Task.swift in Sources */,
				5737A6172573FB680050EBB4 /* AddTaskEventViewModel.swift in Sources */,
				5727D457257152D000AB15CA /* ContentView.swift in Sources */,
				573F418B257E703C00B98D0F /* AddTask.swift in Sources */,
				5727D455257152D000AB15CA /* myTasksApp.swift in Sources */,
			);
			runOnlyForDeploymentPostprocessing = 0;
		};
		5727D463257152D300AB15CA /* Sources */ = {
			isa = PBXSourcesBuildPhase;
			buildActionMask = 2147483647;
			files = (
				5727D46C257152D300AB15CA /* myTasksTests.swift in Sources */,
			);
			runOnlyForDeploymentPostprocessing = 0;
		};
		5727D46E257152D300AB15CA /* Sources */ = {
			isa = PBXSourcesBuildPhase;
			buildActionMask = 2147483647;
			files = (
				5727D477257152D300AB15CA /* myTasksUITests.swift in Sources */,
			);
			runOnlyForDeploymentPostprocessing = 0;
		};
/* End PBXSourcesBuildPhase section */

/* Begin PBXTargetDependency section */
		5727D469257152D300AB15CA /* PBXTargetDependency */ = {
			isa = PBXTargetDependency;
			target = 5727D450257152D000AB15CA /* myTasks */;
			targetProxy = 5727D468257152D300AB15CA /* PBXContainerItemProxy */;
		};
		5727D474257152D300AB15CA /* PBXTargetDependency */ = {
			isa = PBXTargetDependency;
			target = 5727D450257152D000AB15CA /* myTasks */;
			targetProxy = 5727D473257152D300AB15CA /* PBXContainerItemProxy */;
		};
/* End PBXTargetDependency section */

/* Begin XCBuildConfiguration section */
		5727D479257152D300AB15CA /* Debug */ = {
			isa = XCBuildConfiguration;
			buildSettings = {
				ALWAYS_SEARCH_USER_PATHS = NO;
				CLANG_ANALYZER_NONNULL = YES;
				CLANG_ANALYZER_NUMBER_OBJECT_CONVERSION = YES_AGGRESSIVE;
				CLANG_CXX_LANGUAGE_STANDARD = "gnu++14";
				CLANG_CXX_LIBRARY = "libc++";
				CLANG_ENABLE_MODULES = YES;
				CLANG_ENABLE_OBJC_ARC = YES;
				CLANG_ENABLE_OBJC_WEAK = YES;
				CLANG_WARN_BLOCK_CAPTURE_AUTORELEASING = YES;
				CLANG_WARN_BOOL_CONVERSION = YES;
				CLANG_WARN_COMMA = YES;
				CLANG_WARN_CONSTANT_CONVERSION = YES;
				CLANG_WARN_DEPRECATED_OBJC_IMPLEMENTATIONS = YES;
				CLANG_WARN_DIRECT_OBJC_ISA_USAGE = YES_ERROR;
				CLANG_WARN_DOCUMENTATION_COMMENTS = YES;
				CLANG_WARN_EMPTY_BODY = YES;
				CLANG_WARN_ENUM_CONVERSION = YES;
				CLANG_WARN_INFINITE_RECURSION = YES;
				CLANG_WARN_INT_CONVERSION = YES;
				CLANG_WARN_NON_LITERAL_NULL_CONVERSION = YES;
				CLANG_WARN_OBJC_IMPLICIT_RETAIN_SELF = YES;
				CLANG_WARN_OBJC_LITERAL_CONVERSION = YES;
				CLANG_WARN_OBJC_ROOT_CLASS = YES_ERROR;
				CLANG_WARN_QUOTED_INCLUDE_IN_FRAMEWORK_HEADER = YES;
				CLANG_WARN_RANGE_LOOP_ANALYSIS = YES;
				CLANG_WARN_STRICT_PROTOTYPES = YES;
				CLANG_WARN_SUSPICIOUS_MOVE = YES;
				CLANG_WARN_UNGUARDED_AVAILABILITY = YES_AGGRESSIVE;
				CLANG_WARN_UNREACHABLE_CODE = YES;
				CLANG_WARN__DUPLICATE_METHOD_MATCH = YES;
				COPY_PHASE_STRIP = NO;
				DEBUG_INFORMATION_FORMAT = dwarf;
				ENABLE_STRICT_OBJC_MSGSEND = YES;
				ENABLE_TESTABILITY = YES;
				GCC_C_LANGUAGE_STANDARD = gnu11;
				GCC_DYNAMIC_NO_PIC = NO;
				GCC_NO_COMMON_BLOCKS = YES;
				GCC_OPTIMIZATION_LEVEL = 0;
				GCC_PREPROCESSOR_DEFINITIONS = (
					"DEBUG=1",
					"$(inherited)",
				);
				GCC_WARN_64_TO_32_BIT_CONVERSION = YES;
				GCC_WARN_ABOUT_RETURN_TYPE = YES_ERROR;
				GCC_WARN_UNDECLARED_SELECTOR = YES;
				GCC_WARN_UNINITIALIZED_AUTOS = YES_AGGRESSIVE;
				GCC_WARN_UNUSED_FUNCTION = YES;
				GCC_WARN_UNUSED_VARIABLE = YES;
				IPHONEOS_DEPLOYMENT_TARGET = 14.2;
				MTL_ENABLE_DEBUG_INFO = INCLUDE_SOURCE;
				MTL_FAST_MATH = YES;
				ONLY_ACTIVE_ARCH = YES;
				SDKROOT = iphoneos;
				SWIFT_ACTIVE_COMPILATION_CONDITIONS = DEBUG;
				SWIFT_OPTIMIZATION_LEVEL = "-Onone";
			};
			name = Debug;
		};
		5727D47A257152D300AB15CA /* Release */ = {
			isa = XCBuildConfiguration;
			buildSettings = {
				ALWAYS_SEARCH_USER_PATHS = NO;
				CLANG_ANALYZER_NONNULL = YES;
				CLANG_ANALYZER_NUMBER_OBJECT_CONVERSION = YES_AGGRESSIVE;
				CLANG_CXX_LANGUAGE_STANDARD = "gnu++14";
				CLANG_CXX_LIBRARY = "libc++";
				CLANG_ENABLE_MODULES = YES;
				CLANG_ENABLE_OBJC_ARC = YES;
				CLANG_ENABLE_OBJC_WEAK = YES;
				CLANG_WARN_BLOCK_CAPTURE_AUTORELEASING = YES;
				CLANG_WARN_BOOL_CONVERSION = YES;
				CLANG_WARN_COMMA = YES;
				CLANG_WARN_CONSTANT_CONVERSION = YES;
				CLANG_WARN_DEPRECATED_OBJC_IMPLEMENTATIONS = YES;
				CLANG_WARN_DIRECT_OBJC_ISA_USAGE = YES_ERROR;
				CLANG_WARN_DOCUMENTATION_COMMENTS = YES;
				CLANG_WARN_EMPTY_BODY = YES;
				CLANG_WARN_ENUM_CONVERSION = YES;
				CLANG_WARN_INFINITE_RECURSION = YES;
				CLANG_WARN_INT_CONVERSION = YES;
				CLANG_WARN_NON_LITERAL_NULL_CONVERSION = YES;
				CLANG_WARN_OBJC_IMPLICIT_RETAIN_SELF = YES;
				CLANG_WARN_OBJC_LITERAL_CONVERSION = YES;
				CLANG_WARN_OBJC_ROOT_CLASS = YES_ERROR;
				CLANG_WARN_QUOTED_INCLUDE_IN_FRAMEWORK_HEADER = YES;
				CLANG_WARN_RANGE_LOOP_ANALYSIS = YES;
				CLANG_WARN_STRICT_PROTOTYPES = YES;
				CLANG_WARN_SUSPICIOUS_MOVE = YES;
				CLANG_WARN_UNGUARDED_AVAILABILITY = YES_AGGRESSIVE;
				CLANG_WARN_UNREACHABLE_CODE = YES;
				CLANG_WARN__DUPLICATE_METHOD_MATCH = YES;
				COPY_PHASE_STRIP = NO;
				DEBUG_INFORMATION_FORMAT = "dwarf-with-dsym";
				ENABLE_NS_ASSERTIONS = NO;
				ENABLE_STRICT_OBJC_MSGSEND = YES;
				GCC_C_LANGUAGE_STANDARD = gnu11;
				GCC_NO_COMMON_BLOCKS = YES;
				GCC_WARN_64_TO_32_BIT_CONVERSION = YES;
				GCC_WARN_ABOUT_RETURN_TYPE = YES_ERROR;
				GCC_WARN_UNDECLARED_SELECTOR = YES;
				GCC_WARN_UNINITIALIZED_AUTOS = YES_AGGRESSIVE;
				GCC_WARN_UNUSED_FUNCTION = YES;
				GCC_WARN_UNUSED_VARIABLE = YES;
				IPHONEOS_DEPLOYMENT_TARGET = 14.2;
				MTL_ENABLE_DEBUG_INFO = NO;
				MTL_FAST_MATH = YES;
				SDKROOT = iphoneos;
				SWIFT_COMPILATION_MODE = wholemodule;
				SWIFT_OPTIMIZATION_LEVEL = "-O";
				VALIDATE_PRODUCT = YES;
			};
			name = Release;
		};
		5727D47C257152D300AB15CA /* Debug */ = {
			isa = XCBuildConfiguration;
			buildSettings = {
				ASSETCATALOG_COMPILER_APPICON_NAME = AppIcon;
				ASSETCATALOG_COMPILER_GLOBAL_ACCENT_COLOR_NAME = AccentColor;
				CODE_SIGN_STYLE = Automatic;
				DEVELOPMENT_ASSET_PATHS = "\"myTasks/Preview Content\"";
				ENABLE_PREVIEWS = YES;
				INFOPLIST_FILE = myTasks/Info.plist;
				IPHONEOS_DEPLOYMENT_TARGET = 14.0;
				LD_RUNPATH_SEARCH_PATHS = (
					"$(inherited)",
					"@executable_path/Frameworks",
				);
				PRODUCT_BUNDLE_IDENTIFIER = com.benjaminbenoit.myTasks;
				PRODUCT_NAME = "$(TARGET_NAME)";
				SWIFT_VERSION = 5.0;
				TARGETED_DEVICE_FAMILY = "1,2";
			};
			name = Debug;
		};
		5727D47D257152D300AB15CA /* Release */ = {
			isa = XCBuildConfiguration;
			buildSettings = {
				ASSETCATALOG_COMPILER_APPICON_NAME = AppIcon;
				ASSETCATALOG_COMPILER_GLOBAL_ACCENT_COLOR_NAME = AccentColor;
				CODE_SIGN_STYLE = Automatic;
				DEVELOPMENT_ASSET_PATHS = "\"myTasks/Preview Content\"";
				ENABLE_PREVIEWS = YES;
				INFOPLIST_FILE = myTasks/Info.plist;
				IPHONEOS_DEPLOYMENT_TARGET = 14.0;
				LD_RUNPATH_SEARCH_PATHS = (
					"$(inherited)",
					"@executable_path/Frameworks",
				);
				PRODUCT_BUNDLE_IDENTIFIER = com.benjaminbenoit.myTasks;
				PRODUCT_NAME = "$(TARGET_NAME)";
				SWIFT_VERSION = 5.0;
				TARGETED_DEVICE_FAMILY = "1,2";
			};
			name = Release;
		};
		5727D47F257152D300AB15CA /* Debug */ = {
			isa = XCBuildConfiguration;
			buildSettings = {
				ALWAYS_EMBED_SWIFT_STANDARD_LIBRARIES = YES;
				BUNDLE_LOADER = "$(TEST_HOST)";
				CODE_SIGN_STYLE = Automatic;
				INFOPLIST_FILE = myTasksTests/Info.plist;
				IPHONEOS_DEPLOYMENT_TARGET = 14.0;
				LD_RUNPATH_SEARCH_PATHS = (
					"$(inherited)",
					"@executable_path/Frameworks",
					"@loader_path/Frameworks",
				);
				PRODUCT_BUNDLE_IDENTIFIER = com.benjaminbenoit.myTasksTests;
				PRODUCT_NAME = "$(TARGET_NAME)";
				SWIFT_VERSION = 5.0;
				TARGETED_DEVICE_FAMILY = "1,2";
				TEST_HOST = "$(BUILT_PRODUCTS_DIR)/myTasks.app/myTasks";
			};
			name = Debug;
		};
		5727D480257152D300AB15CA /* Release */ = {
			isa = XCBuildConfiguration;
			buildSettings = {
				ALWAYS_EMBED_SWIFT_STANDARD_LIBRARIES = YES;
				BUNDLE_LOADER = "$(TEST_HOST)";
				CODE_SIGN_STYLE = Automatic;
				INFOPLIST_FILE = myTasksTests/Info.plist;
				IPHONEOS_DEPLOYMENT_TARGET = 14.0;
				LD_RUNPATH_SEARCH_PATHS = (
					"$(inherited)",
					"@executable_path/Frameworks",
					"@loader_path/Frameworks",
				);
				PRODUCT_BUNDLE_IDENTIFIER = com.benjaminbenoit.myTasksTests;
				PRODUCT_NAME = "$(TARGET_NAME)";
				SWIFT_VERSION = 5.0;
				TARGETED_DEVICE_FAMILY = "1,2";
				TEST_HOST = "$(BUILT_PRODUCTS_DIR)/myTasks.app/myTasks";
			};
			name = Release;
		};
		5727D482257152D300AB15CA /* Debug */ = {
			isa = XCBuildConfiguration;
			buildSettings = {
				ALWAYS_EMBED_SWIFT_STANDARD_LIBRARIES = YES;
				CODE_SIGN_STYLE = Automatic;
				INFOPLIST_FILE = myTasksUITests/Info.plist;
				LD_RUNPATH_SEARCH_PATHS = (
					"$(inherited)",
					"@executable_path/Frameworks",
					"@loader_path/Frameworks",
				);
				PRODUCT_BUNDLE_IDENTIFIER = com.benjaminbenoit.myTasksUITests;
				PRODUCT_NAME = "$(TARGET_NAME)";
				SWIFT_VERSION = 5.0;
				TARGETED_DEVICE_FAMILY = "1,2";
				TEST_TARGET_NAME = myTasks;
			};
			name = Debug;
		};
		5727D483257152D300AB15CA /* Release */ = {
			isa = XCBuildConfiguration;
			buildSettings = {
				ALWAYS_EMBED_SWIFT_STANDARD_LIBRARIES = YES;
				CODE_SIGN_STYLE = Automatic;
				INFOPLIST_FILE = myTasksUITests/Info.plist;
				LD_RUNPATH_SEARCH_PATHS = (
					"$(inherited)",
					"@executable_path/Frameworks",
					"@loader_path/Frameworks",
				);
				PRODUCT_BUNDLE_IDENTIFIER = com.benjaminbenoit.myTasksUITests;
				PRODUCT_NAME = "$(TARGET_NAME)";
				SWIFT_VERSION = 5.0;
				TARGETED_DEVICE_FAMILY = "1,2";
				TEST_TARGET_NAME = myTasks;
			};
			name = Release;
		};
/* End XCBuildConfiguration section */

/* Begin XCConfigurationList section */
		5727D44C257152D000AB15CA /* Build configuration list for PBXProject "myTasks" */ = {
			isa = XCConfigurationList;
			buildConfigurations = (
				5727D479257152D300AB15CA /* Debug */,
				5727D47A257152D300AB15CA /* Release */,
			);
			defaultConfigurationIsVisible = 0;
			defaultConfigurationName = Release;
		};
		5727D47B257152D300AB15CA /* Build configuration list for PBXNativeTarget "myTasks" */ = {
			isa = XCConfigurationList;
			buildConfigurations = (
				5727D47C257152D300AB15CA /* Debug */,
				5727D47D257152D300AB15CA /* Release */,
			);
			defaultConfigurationIsVisible = 0;
			defaultConfigurationName = Release;
		};
		5727D47E257152D300AB15CA /* Build configuration list for PBXNativeTarget "myTasksTests" */ = {
			isa = XCConfigurationList;
			buildConfigurations = (
				5727D47F257152D300AB15CA /* Debug */,
				5727D480257152D300AB15CA /* Release */,
			);
			defaultConfigurationIsVisible = 0;
			defaultConfigurationName = Release;
		};
		5727D481257152D300AB15CA /* Build configuration list for PBXNativeTarget "myTasksUITests" */ = {
			isa = XCConfigurationList;
			buildConfigurations = (
				5727D482257152D300AB15CA /* Debug */,
				5727D483257152D300AB15CA /* Release */,
			);
			defaultConfigurationIsVisible = 0;
			defaultConfigurationName = Release;
		};
/* End XCConfigurationList section */

/* Begin XCVersionGroup section */
		5727D45F257152D200AB15CA /* myTasks.xcdatamodeld */ = {
			isa = XCVersionGroup;
			children = (
				5727D460257152D200AB15CA /* myTasks.xcdatamodel */,
			);
			currentVersion = 5727D460257152D200AB15CA /* myTasks.xcdatamodel */;
			path = myTasks.xcdatamodeld;
			sourceTree = "<group>";
			versionGroupType = wrapper.xcdatamodel;
		};
/* End XCVersionGroup section */
	};
	rootObject = 5727D449257152D000AB15CA /* Project object */;
}
